
Microsoft Visual Studio Solution File, Format Version 12.00
# Visual Studio Version 16
VisualStudioVersion = 16.0.31702.278
MinimumVisualStudioVersion = 10.0.40219.1
Project("{8BC9CEB8-8B4A-11D0-8D11-00A0C91BC942}") = "11__28__code", "11__28__code.vcxproj", "{432C0D00-1492-4640-9843-4CD3B88945C1}"
EndProject
Global
	GlobalSection(SolutionConfigurationPlatforms) = preSolution
		Debug|x64 = Debug|x64
		Debug|x86 = Debug|x86
		Release|x64 = Release|x64
		Release|x86 = Release|x86
	EndGlobalSection
	GlobalSection(ProjectConfigurationPlatforms) = postSolution
		{432C0D00-1492-4640-9843-4CD3B88945C1}.Debug|x64.ActiveCfg = Debug|x64
		{432C0D00-1492-4640-9843-4CD3B88945C1}.Debug|x64.Build.0 = Debug|x64
		{432C0D00-1492-4640-9843-4CD3B88945C1}.Debug|x86.ActiveCfg = Debug|Win32
		{432C0D00-1492-4640-9843-4CD3B88945C1}.Debug|x86.Build.0 = Debug|Win32
		{432C0D00-1492-4640-9843-4CD3B88945C1}.Release|x64.ActiveCfg = Release|x64
		{432C0D00-1492-4640-9843-4CD3B88945C1}.Release|x64.Build.0 = Release|x64
		{432C0D00-1492-4640-9843-4CD3B88945C1}.Release|x86.ActiveCfg = Release|Win32
		{432C0D00-1492-4640-9843-4CD3B88945C1}.Release|x86.Build.0 = Release|Win32
	EndGlobalSection
	GlobalSection(SolutionProperties) = preSolution
		HideSolutionNode = FALSE
	EndGlobalSection
	GlobalSection(ExtensibilityGlobals) = postSolution
		SolutionGuid = {8E087E58-5481-4D87-8766-F1D73DCEEF6D}
	EndGlobalSection
EndGlobal
