
Microsoft Visual Studio Solution File, Format Version 12.00
# Visual Studio Version 16
VisualStudioVersion = 16.0.31702.278
MinimumVisualStudioVersion = 10.0.40219.1
Project("{8BC9CEB8-8B4A-11D0-8D11-00A0C91BC942}") = "2022__1__20", "2022__1__20.vcxproj", "{BAB37842-D6C3-4FA3-9A2C-678186A2B2E4}"
EndProject
Global
	GlobalSection(SolutionConfigurationPlatforms) = preSolution
		Debug|x64 = Debug|x64
		Debug|x86 = Debug|x86
		Release|x64 = Release|x64
		Release|x86 = Release|x86
	EndGlobalSection
	GlobalSection(ProjectConfigurationPlatforms) = postSolution
		{BAB37842-D6C3-4FA3-9A2C-678186A2B2E4}.Debug|x64.ActiveCfg = Debug|x64
		{BAB37842-D6C3-4FA3-9A2C-678186A2B2E4}.Debug|x64.Build.0 = Debug|x64
		{BAB37842-D6C3-4FA3-9A2C-678186A2B2E4}.Debug|x86.ActiveCfg = Debug|Win32
		{BAB37842-D6C3-4FA3-9A2C-678186A2B2E4}.Debug|x86.Build.0 = Debug|Win32
		{BAB37842-D6C3-4FA3-9A2C-678186A2B2E4}.Release|x64.ActiveCfg = Release|x64
		{BAB37842-D6C3-4FA3-9A2C-678186A2B2E4}.Release|x64.Build.0 = Release|x64
		{BAB37842-D6C3-4FA3-9A2C-678186A2B2E4}.Release|x86.ActiveCfg = Release|Win32
		{BAB37842-D6C3-4FA3-9A2C-678186A2B2E4}.Release|x86.Build.0 = Release|Win32
	EndGlobalSection
	GlobalSection(SolutionProperties) = preSolution
		HideSolutionNode = FALSE
	EndGlobalSection
	GlobalSection(ExtensibilityGlobals) = postSolution
		SolutionGuid = {DE1A0195-F725-4403-9952-38A1FD46D9ED}
	EndGlobalSection
EndGlobal
